
Microsoft Visual Studio Solution File, Format Version 12.00
Project("{FAE04EC0-301F-11D3-BF4B-00C04F79EFBC}") = "MyArrayList", "MyArrayList\MyArrayList.csproj", "{4739FB89-002C-4EA8-A65D-21B78BF0065B}"
EndProject
Project("{FAE04EC0-301F-11D3-BF4B-00C04F79EFBC}") = "MyArrayList.Library", "MyArrayList.Library\MyArrayList.Library.csproj", "{2133B0DC-D260-4D23-B1B3-745169940230}"
EndProject
Global
	GlobalSection(SolutionConfigurationPlatforms) = preSolution
		Debug|Any CPU = Debug|Any CPU
		Release|Any CPU = Release|Any CPU
	EndGlobalSection
	GlobalSection(ProjectConfigurationPlatforms) = postSolution
		{4739FB89-002C-4EA8-A65D-21B78BF0065B}.Debug|Any CPU.ActiveCfg = Debug|Any CPU
		{4739FB89-002C-4EA8-A65D-21B78BF0065B}.Debug|Any CPU.Build.0 = Debug|Any CPU
		{4739FB89-002C-4EA8-A65D-21B78BF0065B}.Release|Any CPU.ActiveCfg = Release|Any CPU
		{4739FB89-002C-4EA8-A65D-21B78BF0065B}.Release|Any CPU.Build.0 = Release|Any CPU
		{2133B0DC-D260-4D23-B1B3-745169940230}.Debug|Any CPU.ActiveCfg = Debug|Any CPU
		{2133B0DC-D260-4D23-B1B3-745169940230}.Debug|Any CPU.Build.0 = Debug|Any CPU
		{2133B0DC-D260-4D23-B1B3-745169940230}.Release|Any CPU.ActiveCfg = Release|Any CPU
		{2133B0DC-D260-4D23-B1B3-745169940230}.Release|Any CPU.Build.0 = Release|Any CPU
	EndGlobalSection
EndGlobal
